# This file is automatically @generated by Cargo.
# It is not intended for manual editing.
version = 3

[[package]]
name = "cozy-chess"
version = "0.2.1"
source = "registry+https://github.com/rust-lang/crates.io-index"
checksum = "72d6f3012f57c6f63e76e5fb55095fb24a63db228d8a9df1ce2d3eac19162bd7"
dependencies = [
 "cozy-chess-types",
]

[[package]]
name = "cozy-chess-types"
version = "0.1.4"
source = "registry+https://github.com/rust-lang/crates.io-index"
checksum = "847c4608e7a1ec5968d182493cdab14836def5aa950d2191662bab1f831ab903"

[[package]]
name = "trinket"
version = "0.1.0"
dependencies = [
 "cozy-chess",
]
